
Microsoft Visual Studio Solution File, Format Version 12.00
# Visual Studio 15
VisualStudioVersion = 15.0.26206.0
MinimumVisualStudioVersion = 10.0.40219.1
Project("{FAE04EC0-301F-11D3-BF4B-00C04F79EFBC}") = "NetCoreApp", "src\NetCoreApp\NetCoreApp.csproj", "{5B557939-8774-4949-8001-D6D395345BE7}"
EndProject
Global
	GlobalSection(SolutionConfigurationPlatforms) = preSolution
		Debug|Any CPU = Debug|Any CPU
		Debug|x64 = Debug|x64
		Debug|x86 = Debug|x86
		Release|Any CPU = Release|Any CPU
		Release|x64 = Release|x64
		Release|x86 = Release|x86
	EndGlobalSection
	GlobalSection(ProjectConfigurationPlatforms) = postSolution
		{5B557939-8774-4949-8001-D6D395345BE7}.Debug|Any CPU.ActiveCfg = Debug|Any CPU
		{5B557939-8774-4949-8001-D6D395345BE7}.Debug|Any CPU.Build.0 = Debug|Any CPU
		{5B557939-8774-4949-8001-D6D395345BE7}.Debug|x64.ActiveCfg = Debug|x64
		{5B557939-8774-4949-8001-D6D395345BE7}.Debug|x64.Build.0 = Debug|x64
		{5B557939-8774-4949-8001-D6D395345BE7}.Debug|x86.ActiveCfg = Debug|x86
		{5B557939-8774-4949-8001-D6D395345BE7}.Debug|x86.Build.0 = Debug|x86
		{5B557939-8774-4949-8001-D6D395345BE7}.Release|Any CPU.ActiveCfg = Release|Any CPU
		{5B557939-8774-4949-8001-D6D395345BE7}.Release|Any CPU.Build.0 = Release|Any CPU
		{5B557939-8774-4949-8001-D6D395345BE7}.Release|x64.ActiveCfg = Release|x64
		{5B557939-8774-4949-8001-D6D395345BE7}.Release|x64.Build.0 = Release|x64
		{5B557939-8774-4949-8001-D6D395345BE7}.Release|x86.ActiveCfg = Release|x86
		{5B557939-8774-4949-8001-D6D395345BE7}.Release|x86.Build.0 = Release|x86
		{DCFF1E68-6B81-4316-B0BE-6319B9E44F78}.Debug|Any CPU.ActiveCfg = Debug|Any CPU
		{DCFF1E68-6B81-4316-B0BE-6319B9E44F78}.Debug|Any CPU.Build.0 = Debug|Any CPU
		{DCFF1E68-6B81-4316-B0BE-6319B9E44F78}.Debug|x64.ActiveCfg = Debug|Any CPU
		{DCFF1E68-6B81-4316-B0BE-6319B9E44F78}.Debug|x64.Build.0 = Debug|Any CPU
		{DCFF1E68-6B81-4316-B0BE-6319B9E44F78}.Debug|x86.ActiveCfg = Debug|Any CPU
		{DCFF1E68-6B81-4316-B0BE-6319B9E44F78}.Debug|x86.Build.0 = Debug|Any CPU
		{DCFF1E68-6B81-4316-B0BE-6319B9E44F78}.Release|Any CPU.ActiveCfg = Release|Any CPU
		{DCFF1E68-6B81-4316-B0BE-6319B9E44F78}.Release|Any CPU.Build.0 = Release|Any CPU
		{DCFF1E68-6B81-4316-B0BE-6319B9E44F78}.Release|x64.ActiveCfg = Release|Any CPU
		{DCFF1E68-6B81-4316-B0BE-6319B9E44F78}.Release|x64.Build.0 = Release|Any CPU
		{DCFF1E68-6B81-4316-B0BE-6319B9E44F78}.Release|x86.ActiveCfg = Release|Any CPU
		{DCFF1E68-6B81-4316-B0BE-6319B9E44F78}.Release|x86.Build.0 = Release|Any CPU
	EndGlobalSection
	GlobalSection(SolutionProperties) = preSolution
		HideSolutionNode = FALSE
	EndGlobalSection
EndGlobal
